
Microsoft Visual Studio Solution File, Format Version 12.00
# Visual Studio 2013
VisualStudioVersion = 12.0.30501.0
MinimumVisualStudioVersion = 10.0.40219.1
Project("{8BC9CEB8-8B4A-11D0-8D11-00A0C91BC942}") = "leap_year", "leap_year\leap_year.vcxproj", "{59D8147F-1C31-4A23-B271-9C6B6BD4820A}"
EndProject
Global
	GlobalSection(SolutionConfigurationPlatforms) = preSolution
		Debug|Win32 = Debug|Win32
		Release|Win32 = Release|Win32
	EndGlobalSection
	GlobalSection(ProjectConfigurationPlatforms) = postSolution
		{59D8147F-1C31-4A23-B271-9C6B6BD4820A}.Debug|Win32.ActiveCfg = Debug|Win32
		{59D8147F-1C31-4A23-B271-9C6B6BD4820A}.Debug|Win32.Build.0 = Debug|Win32
		{59D8147F-1C31-4A23-B271-9C6B6BD4820A}.Release|Win32.ActiveCfg = Release|Win32
		{59D8147F-1C31-4A23-B271-9C6B6BD4820A}.Release|Win32.Build.0 = Release|Win32
	EndGlobalSection
	GlobalSection(SolutionProperties) = preSolution
		HideSolutionNode = FALSE
	EndGlobalSection
EndGlobal
