
Microsoft Visual Studio Solution File, Format Version 12.00
# Visual Studio 2013
VisualStudioVersion = 12.0.30501.0
MinimumVisualStudioVersion = 10.0.40219.1
Project("{8BC9CEB8-8B4A-11D0-8D11-00A0C91BC942}") = "recursion_n_k", "recursion_n_k\recursion_n_k.vcxproj", "{2CC7A9E4-711C-4838-B5BF-14F9320A2C24}"
EndProject
Global
	GlobalSection(SolutionConfigurationPlatforms) = preSolution
		Debug|Win32 = Debug|Win32
		Release|Win32 = Release|Win32
	EndGlobalSection
	GlobalSection(ProjectConfigurationPlatforms) = postSolution
		{2CC7A9E4-711C-4838-B5BF-14F9320A2C24}.Debug|Win32.ActiveCfg = Debug|Win32
		{2CC7A9E4-711C-4838-B5BF-14F9320A2C24}.Debug|Win32.Build.0 = Debug|Win32
		{2CC7A9E4-711C-4838-B5BF-14F9320A2C24}.Release|Win32.ActiveCfg = Release|Win32
		{2CC7A9E4-711C-4838-B5BF-14F9320A2C24}.Release|Win32.Build.0 = Release|Win32
	EndGlobalSection
	GlobalSection(SolutionProperties) = preSolution
		HideSolutionNode = FALSE
	EndGlobalSection
EndGlobal
